// !$*UTF8*$!
{
	archiveVersion = 1;
	classes = {
	};
	objectVersion = 50;
	objects = {

/* Begin PBXBuildFile section */
		57343C4826F13597002AD78E /* AppDelegate.swift in Sources */ = {isa = PBXBuildFile; fileRef = 57343C4726F13597002AD78E /* AppDelegate.swift */; };
		57343C4A26F13597002AD78E /* SceneDelegate.swift in Sources */ = {isa = PBXBuildFile; fileRef = 57343C4926F13597002AD78E /* SceneDelegate.swift */; };
		57343C4C26F13597002AD78E /* ConversationsViewController.swift in Sources */ = {isa = PBXBuildFile; fileRef = 57343C4B26F13597002AD78E /* ConversationsViewController.swift */; };
		57343C4F26F13597002AD78E /* Main.storyboard in Resources */ = {isa = PBXBuildFile; fileRef = 57343C4D26F13597002AD78E /* Main.storyboard */; };
		57343C5126F13599002AD78E /* Assets.xcassets in Resources */ = {isa = PBXBuildFile; fileRef = 57343C5026F13599002AD78E /* Assets.xcassets */; };
		57343C5426F13599002AD78E /* LaunchScreen.storyboard in Resources */ = {isa = PBXBuildFile; fileRef = 57343C5226F13599002AD78E /* LaunchScreen.storyboard */; };
		57343C6226F13791002AD78E /* LoginViewController.swift in Sources */ = {isa = PBXBuildFile; fileRef = 57343C6126F13791002AD78E /* LoginViewController.swift */; };
		57343C6426F137A3002AD78E /* RegisterViewController.swift in Sources */ = {isa = PBXBuildFile; fileRef = 57343C6326F137A3002AD78E /* RegisterViewController.swift */; };
		57343C6626F137C3002AD78E /* PhotoViewerViewController.swift in Sources */ = {isa = PBXBuildFile; fileRef = 57343C6526F137C3002AD78E /* PhotoViewerViewController.swift */; };
		57343C6826F137D2002AD78E /* VideoPlayerViewController.swift in Sources */ = {isa = PBXBuildFile; fileRef = 57343C6726F137D2002AD78E /* VideoPlayerViewController.swift */; };
		57343C6A26F137F5002AD78E /* NewConversationViewController.swift in Sources */ = {isa = PBXBuildFile; fileRef = 57343C6926F137F5002AD78E /* NewConversationViewController.swift */; };
		57343C6C26F1380C002AD78E /* ProfileViewController.swift in Sources */ = {isa = PBXBuildFile; fileRef = 57343C6B26F1380C002AD78E /* ProfileViewController.swift */; };
		57343C6F26F143A8002AD78E /* Extensions.swift in Sources */ = {isa = PBXBuildFile; fileRef = 57343C6E26F143A8002AD78E /* Extensions.swift */; };
/* End PBXBuildFile section */

/* Begin PBXFileReference section */
		57343C4426F13597002AD78E /* Messenger.app */ = {isa = PBXFileReference; explicitFileType = wrapper.application; includeInIndex = 0; path = Messenger.app; sourceTree = BUILT_PRODUCTS_DIR; };
		57343C4726F13597002AD78E /* AppDelegate.swift */ = {isa = PBXFileReference; lastKnownFileType = sourcecode.swift; path = AppDelegate.swift; sourceTree = "<group>"; };
		57343C4926F13597002AD78E /* SceneDelegate.swift */ = {isa = PBXFileReference; lastKnownFileType = sourcecode.swift; path = SceneDelegate.swift; sourceTree = "<group>"; };
		57343C4B26F13597002AD78E /* ConversationsViewController.swift */ = {isa = PBXFileReference; lastKnownFileType = sourcecode.swift; path = ConversationsViewController.swift; sourceTree = "<group>"; };
		57343C4E26F13597002AD78E /* Base */ = {isa = PBXFileReference; lastKnownFileType = file.storyboard; name = Base; path = Base.lproj/Main.storyboard; sourceTree = "<group>"; };
		57343C5026F13599002AD78E /* Assets.xcassets */ = {isa = PBXFileReference; lastKnownFileType = folder.assetcatalog; path = Assets.xcassets; sourceTree = "<group>"; };
		57343C5326F13599002AD78E /* Base */ = {isa = PBXFileReference; lastKnownFileType = file.storyboard; name = Base; path = Base.lproj/LaunchScreen.storyboard; sourceTree = "<group>"; };
		57343C5526F13599002AD78E /* Info.plist */ = {isa = PBXFileReference; lastKnownFileType = text.plist.xml; path = Info.plist; sourceTree = "<group>"; };
		57343C6126F13791002AD78E /* LoginViewController.swift */ = {isa = PBXFileReference; lastKnownFileType = sourcecode.swift; path = LoginViewController.swift; sourceTree = "<group>"; };
		57343C6326F137A3002AD78E /* RegisterViewController.swift */ = {isa = PBXFileReference; lastKnownFileType = sourcecode.swift; path = RegisterViewController.swift; sourceTree = "<group>"; };
		57343C6526F137C3002AD78E /* PhotoViewerViewController.swift */ = {isa = PBXFileReference; lastKnownFileType = sourcecode.swift; path = PhotoViewerViewController.swift; sourceTree = "<group>"; };
		57343C6726F137D2002AD78E /* VideoPlayerViewController.swift */ = {isa = PBXFileReference; lastKnownFileType = sourcecode.swift; path = VideoPlayerViewController.swift; sourceTree = "<group>"; };
		57343C6926F137F5002AD78E /* NewConversationViewController.swift */ = {isa = PBXFileReference; lastKnownFileType = sourcecode.swift; path = NewConversationViewController.swift; sourceTree = "<group>"; };
		57343C6B26F1380C002AD78E /* ProfileViewController.swift */ = {isa = PBXFileReference; lastKnownFileType = sourcecode.swift; path = ProfileViewController.swift; sourceTree = "<group>"; };
		57343C6E26F143A8002AD78E /* Extensions.swift */ = {isa = PBXFileReference; lastKnownFileType = sourcecode.swift; path = Extensions.swift; sourceTree = "<group>"; };
/* End PBXFileReference section */

/* Begin PBXFrameworksBuildPhase section */
		57343C4126F13597002AD78E /* Frameworks */ = {
			isa = PBXFrameworksBuildPhase;
			buildActionMask = 2147483647;
			files = (
			);
			runOnlyForDeploymentPostprocessing = 0;
		};
/* End PBXFrameworksBuildPhase section */

/* Begin PBXGroup section */
		57343C3B26F13597002AD78E = {
			isa = PBXGroup;
			children = (
				57343C4626F13597002AD78E /* Messenger */,
				57343C4526F13597002AD78E /* Products */,
			);
			sourceTree = "<group>";
		};
		57343C4526F13597002AD78E /* Products */ = {
			isa = PBXGroup;
			children = (
				57343C4426F13597002AD78E /* Messenger.app */,
			);
			name = Products;
			sourceTree = "<group>";
		};
		57343C4626F13597002AD78E /* Messenger */ = {
			isa = PBXGroup;
			children = (
				57343C5F26F136A9002AD78E /* Resources */,
				57343C5E26F136A3002AD78E /* ViewModels */,
				57343C5D26F1369E002AD78E /* Models */,
				57343C5C26F1369A002AD78E /* Views */,
				57343C5B26F13690002AD78E /* Controllers */,
				57343C5526F13599002AD78E /* Info.plist */,
			);
			path = Messenger;
			sourceTree = "<group>";
		};
		57343C5B26F13690002AD78E /* Controllers */ = {
			isa = PBXGroup;
			children = (
				57343C4B26F13597002AD78E /* ConversationsViewController.swift */,
				57343C6D26F138C1002AD78E /* Login */,
				57343C6526F137C3002AD78E /* PhotoViewerViewController.swift */,
				57343C6726F137D2002AD78E /* VideoPlayerViewController.swift */,
				57343C6926F137F5002AD78E /* NewConversationViewController.swift */,
				57343C6B26F1380C002AD78E /* ProfileViewController.swift */,
			);
			path = Controllers;
			sourceTree = "<group>";
		};
		57343C5C26F1369A002AD78E /* Views */ = {
			isa = PBXGroup;
			children = (
				57343C6026F136CB002AD78E /* StoryBoards */,
				57343C5026F13599002AD78E /* Assets.xcassets */,
			);
			path = Views;
			sourceTree = "<group>";
		};
		57343C5D26F1369E002AD78E /* Models */ = {
			isa = PBXGroup;
			children = (
			);
			path = Models;
			sourceTree = "<group>";
		};
		57343C5E26F136A3002AD78E /* ViewModels */ = {
			isa = PBXGroup;
			children = (
			);
			path = ViewModels;
			sourceTree = "<group>";
		};
		57343C5F26F136A9002AD78E /* Resources */ = {
			isa = PBXGroup;
			children = (
				57343C4726F13597002AD78E /* AppDelegate.swift */,
				57343C4926F13597002AD78E /* SceneDelegate.swift */,
				57343C6E26F143A8002AD78E /* Extensions.swift */,
			);
			path = Resources;
			sourceTree = "<group>";
		};
		57343C6026F136CB002AD78E /* StoryBoards */ = {
			isa = PBXGroup;
			children = (
				57343C4D26F13597002AD78E /* Main.storyboard */,
				57343C5226F13599002AD78E /* LaunchScreen.storyboard */,
			);
			path = StoryBoards;
			sourceTree = "<group>";
		};
		57343C6D26F138C1002AD78E /* Login */ = {
			isa = PBXGroup;
			children = (
				57343C6126F13791002AD78E /* LoginViewController.swift */,
				57343C6326F137A3002AD78E /* RegisterViewController.swift */,
			);
			path = Login;
			sourceTree = "<group>";
		};
/* End PBXGroup section */

/* Begin PBXNativeTarget section */
		57343C4326F13597002AD78E /* Messenger */ = {
			isa = PBXNativeTarget;
			buildConfigurationList = 57343C5826F13599002AD78E /* Build configuration list for PBXNativeTarget "Messenger" */;
			buildPhases = (
				57343C4026F13597002AD78E /* Sources */,
				57343C4126F13597002AD78E /* Frameworks */,
				57343C4226F13597002AD78E /* Resources */,
			);
			buildRules = (
			);
			dependencies = (
			);
			name = Messenger;
			productName = Messenger;
			productReference = 57343C4426F13597002AD78E /* Messenger.app */;
			productType = "com.apple.product-type.application";
		};
/* End PBXNativeTarget section */

/* Begin PBXProject section */
		57343C3C26F13597002AD78E /* Project object */ = {
			isa = PBXProject;
			attributes = {
				LastSwiftUpdateCheck = 1250;
				LastUpgradeCheck = 1250;
				TargetAttributes = {
					57343C4326F13597002AD78E = {
						CreatedOnToolsVersion = 12.5.1;
					};
				};
			};
			buildConfigurationList = 57343C3F26F13597002AD78E /* Build configuration list for PBXProject "Messenger" */;
			compatibilityVersion = "Xcode 9.3";
			developmentRegion = en;
			hasScannedForEncodings = 0;
			knownRegions = (
				en,
				Base,
			);
			mainGroup = 57343C3B26F13597002AD78E;
			productRefGroup = 57343C4526F13597002AD78E /* Products */;
			projectDirPath = "";
			projectRoot = "";
			targets = (
				57343C4326F13597002AD78E /* Messenger */,
			);
		};
/* End PBXProject section */

/* Begin PBXResourcesBuildPhase section */
		57343C4226F13597002AD78E /* Resources */ = {
			isa = PBXResourcesBuildPhase;
			buildActionMask = 2147483647;
			files = (
				57343C5426F13599002AD78E /* LaunchScreen.storyboard in Resources */,
				57343C5126F13599002AD78E /* Assets.xcassets in Resources */,
				57343C4F26F13597002AD78E /* Main.storyboard in Resources */,
			);
			runOnlyForDeploymentPostprocessing = 0;
		};
/* End PBXResourcesBuildPhase section */

/* Begin PBXSourcesBuildPhase section */
		57343C4026F13597002AD78E /* Sources */ = {
			isa = PBXSourcesBuildPhase;
			buildActionMask = 2147483647;
			files = (
				57343C6226F13791002AD78E /* LoginViewController.swift in Sources */,
				57343C6426F137A3002AD78E /* RegisterViewController.swift in Sources */,
				57343C6A26F137F5002AD78E /* NewConversationViewController.swift in Sources */,
				57343C4C26F13597002AD78E /* ConversationsViewController.swift in Sources */,
				57343C6826F137D2002AD78E /* VideoPlayerViewController.swift in Sources */,
				57343C6F26F143A8002AD78E /* Extensions.swift in Sources */,
				57343C4826F13597002AD78E /* AppDelegate.swift in Sources */,
				57343C6C26F1380C002AD78E /* ProfileViewController.swift in Sources */,
				57343C4A26F13597002AD78E /* SceneDelegate.swift in Sources */,
				57343C6626F137C3002AD78E /* PhotoViewerViewController.swift in Sources */,
			);
			runOnlyForDeploymentPostprocessing = 0;
		};
/* End PBXSourcesBuildPhase section */

/* Begin PBXVariantGroup section */
		57343C4D26F13597002AD78E /* Main.storyboard */ = {
			isa = PBXVariantGroup;
			children = (
				57343C4E26F13597002AD78E /* Base */,
			);
			name = Main.storyboard;
			sourceTree = "<group>";
		};
		57343C5226F13599002AD78E /* LaunchScreen.storyboard */ = {
			isa = PBXVariantGroup;
			children = (
				57343C5326F13599002AD78E /* Base */,
			);
			name = LaunchScreen.storyboard;
			sourceTree = "<group>";
		};
/* End PBXVariantGroup section */

/* Begin XCBuildConfiguration section */
		57343C5626F13599002AD78E /* Debug */ = {
			isa = XCBuildConfiguration;
			buildSettings = {
				ALWAYS_SEARCH_USER_PATHS = NO;
				CLANG_ANALYZER_NONNULL = YES;
				CLANG_ANALYZER_NUMBER_OBJECT_CONVERSION = YES_AGGRESSIVE;
				CLANG_CXX_LANGUAGE_STANDARD = "gnu++14";
				CLANG_CXX_LIBRARY = "libc++";
				CLANG_ENABLE_MODULES = YES;
				CLANG_ENABLE_OBJC_ARC = YES;
				CLANG_ENABLE_OBJC_WEAK = YES;
				CLANG_WARN_BLOCK_CAPTURE_AUTORELEASING = YES;
				CLANG_WARN_BOOL_CONVERSION = YES;
				CLANG_WARN_COMMA = YES;
				CLANG_WARN_CONSTANT_CONVERSION = YES;
				CLANG_WARN_DEPRECATED_OBJC_IMPLEMENTATIONS = YES;
				CLANG_WARN_DIRECT_OBJC_ISA_USAGE = YES_ERROR;
				CLANG_WARN_DOCUMENTATION_COMMENTS = YES;
				CLANG_WARN_EMPTY_BODY = YES;
				CLANG_WARN_ENUM_CONVERSION = YES;
				CLANG_WARN_INFINITE_RECURSION = YES;
				CLANG_WARN_INT_CONVERSION = YES;
				CLANG_WARN_NON_LITERAL_NULL_CONVERSION = YES;
				CLANG_WARN_OBJC_IMPLICIT_RETAIN_SELF = YES;
				CLANG_WARN_OBJC_LITERAL_CONVERSION = YES;
				CLANG_WARN_OBJC_ROOT_CLASS = YES_ERROR;
				CLANG_WARN_QUOTED_INCLUDE_IN_FRAMEWORK_HEADER = YES;
				CLANG_WARN_RANGE_LOOP_ANALYSIS = YES;
				CLANG_WARN_STRICT_PROTOTYPES = YES;
				CLANG_WARN_SUSPICIOUS_MOVE = YES;
				CLANG_WARN_UNGUARDED_AVAILABILITY = YES_AGGRESSIVE;
				CLANG_WARN_UNREACHABLE_CODE = YES;
				CLANG_WARN__DUPLICATE_METHOD_MATCH = YES;
				COPY_PHASE_STRIP = NO;
				DEBUG_INFORMATION_FORMAT = dwarf;
				ENABLE_STRICT_OBJC_MSGSEND = YES;
				ENABLE_TESTABILITY = YES;
				GCC_C_LANGUAGE_STANDARD = gnu11;
				GCC_DYNAMIC_NO_PIC = NO;
				GCC_NO_COMMON_BLOCKS = YES;
				GCC_OPTIMIZATION_LEVEL = 0;
				GCC_PREPROCESSOR_DEFINITIONS = (
					"DEBUG=1",
					"$(inherited)",
				);
				GCC_WARN_64_TO_32_BIT_CONVERSION = YES;
				GCC_WARN_ABOUT_RETURN_TYPE = YES_ERROR;
				GCC_WARN_UNDECLARED_SELECTOR = YES;
				GCC_WARN_UNINITIALIZED_AUTOS = YES_AGGRESSIVE;
				GCC_WARN_UNUSED_FUNCTION = YES;
				GCC_WARN_UNUSED_VARIABLE = YES;
				IPHONEOS_DEPLOYMENT_TARGET = 14.5;
				MTL_ENABLE_DEBUG_INFO = INCLUDE_SOURCE;
				MTL_FAST_MATH = YES;
				ONLY_ACTIVE_ARCH = YES;
				SDKROOT = iphoneos;
				SWIFT_ACTIVE_COMPILATION_CONDITIONS = DEBUG;
				SWIFT_OPTIMIZATION_LEVEL = "-Onone";
			};
			name = Debug;
		};
		57343C5726F13599002AD78E /* Release */ = {
			isa = XCBuildConfiguration;
			buildSettings = {
				ALWAYS_SEARCH_USER_PATHS = NO;
				CLANG_ANALYZER_NONNULL = YES;
				CLANG_ANALYZER_NUMBER_OBJECT_CONVERSION = YES_AGGRESSIVE;
				CLANG_CXX_LANGUAGE_STANDARD = "gnu++14";
				CLANG_CXX_LIBRARY = "libc++";
				CLANG_ENABLE_MODULES = YES;
				CLANG_ENABLE_OBJC_ARC = YES;
				CLANG_ENABLE_OBJC_WEAK = YES;
				CLANG_WARN_BLOCK_CAPTURE_AUTORELEASING = YES;
				CLANG_WARN_BOOL_CONVERSION = YES;
				CLANG_WARN_COMMA = YES;
				CLANG_WARN_CONSTANT_CONVERSION = YES;
				CLANG_WARN_DEPRECATED_OBJC_IMPLEMENTATIONS = YES;
				CLANG_WARN_DIRECT_OBJC_ISA_USAGE = YES_ERROR;
				CLANG_WARN_DOCUMENTATION_COMMENTS = YES;
				CLANG_WARN_EMPTY_BODY = YES;
				CLANG_WARN_ENUM_CONVERSION = YES;
				CLANG_WARN_INFINITE_RECURSION = YES;
				CLANG_WARN_INT_CONVERSION = YES;
				CLANG_WARN_NON_LITERAL_NULL_CONVERSION = YES;
				CLANG_WARN_OBJC_IMPLICIT_RETAIN_SELF = YES;
				CLANG_WARN_OBJC_LITERAL_CONVERSION = YES;
				CLANG_WARN_OBJC_ROOT_CLASS = YES_ERROR;
				CLANG_WARN_QUOTED_INCLUDE_IN_FRAMEWORK_HEADER = YES;
				CLANG_WARN_RANGE_LOOP_ANALYSIS = YES;
				CLANG_WARN_STRICT_PROTOTYPES = YES;
				CLANG_WARN_SUSPICIOUS_MOVE = YES;
				CLANG_WARN_UNGUARDED_AVAILABILITY = YES_AGGRESSIVE;
				CLANG_WARN_UNREACHABLE_CODE = YES;
				CLANG_WARN__DUPLICATE_METHOD_MATCH = YES;
				COPY_PHASE_STRIP = NO;
				DEBUG_INFORMATION_FORMAT = "dwarf-with-dsym";
				ENABLE_NS_ASSERTIONS = NO;
				ENABLE_STRICT_OBJC_MSGSEND = YES;
				GCC_C_LANGUAGE_STANDARD = gnu11;
				GCC_NO_COMMON_BLOCKS = YES;
				GCC_WARN_64_TO_32_BIT_CONVERSION = YES;
				GCC_WARN_ABOUT_RETURN_TYPE = YES_ERROR;
				GCC_WARN_UNDECLARED_SELECTOR = YES;
				GCC_WARN_UNINITIALIZED_AUTOS = YES_AGGRESSIVE;
				GCC_WARN_UNUSED_FUNCTION = YES;
				GCC_WARN_UNUSED_VARIABLE = YES;
				IPHONEOS_DEPLOYMENT_TARGET = 14.5;
				MTL_ENABLE_DEBUG_INFO = NO;
				MTL_FAST_MATH = YES;
				SDKROOT = iphoneos;
				SWIFT_COMPILATION_MODE = wholemodule;
				SWIFT_OPTIMIZATION_LEVEL = "-O";
				VALIDATE_PRODUCT = YES;
			};
			name = Release;
		};
		57343C5926F13599002AD78E /* Debug */ = {
			isa = XCBuildConfiguration;
			buildSettings = {
				ASSETCATALOG_COMPILER_APPICON_NAME = AppIcon;
				ASSETCATALOG_COMPILER_GLOBAL_ACCENT_COLOR_NAME = AccentColor;
				CODE_SIGN_STYLE = Automatic;
				DEVELOPMENT_TEAM = SB3Q7W7XN7;
				INFOPLIST_FILE = Messenger/Info.plist;
				IPHONEOS_DEPLOYMENT_TARGET = 14.5;
				LD_RUNPATH_SEARCH_PATHS = (
					"$(inherited)",
					"@executable_path/Frameworks",
				);
				PRODUCT_BUNDLE_IDENTIFIER = com.ChandlerCreates.Messenger;
				PRODUCT_NAME = "$(TARGET_NAME)";
				SWIFT_VERSION = 5.0;
				TARGETED_DEVICE_FAMILY = "1,2";
			};
			name = Debug;
		};
		57343C5A26F13599002AD78E /* Release */ = {
			isa = XCBuildConfiguration;
			buildSettings = {
				ASSETCATALOG_COMPILER_APPICON_NAME = AppIcon;
				ASSETCATALOG_COMPILER_GLOBAL_ACCENT_COLOR_NAME = AccentColor;
				CODE_SIGN_STYLE = Automatic;
				DEVELOPMENT_TEAM = SB3Q7W7XN7;
				INFOPLIST_FILE = Messenger/Info.plist;
				IPHONEOS_DEPLOYMENT_TARGET = 14.5;
				LD_RUNPATH_SEARCH_PATHS = (
					"$(inherited)",
					"@executable_path/Frameworks",
				);
				PRODUCT_BUNDLE_IDENTIFIER = com.ChandlerCreates.Messenger;
				PRODUCT_NAME = "$(TARGET_NAME)";
				SWIFT_VERSION = 5.0;
				TARGETED_DEVICE_FAMILY = "1,2";
			};
			name = Release;
		};
/* End XCBuildConfiguration section */

/* Begin XCConfigurationList section */
		57343C3F26F13597002AD78E /* Build configuration list for PBXProject "Messenger" */ = {
			isa = XCConfigurationList;
			buildConfigurations = (
				57343C5626F13599002AD78E /* Debug */,
				57343C5726F13599002AD78E /* Release */,
			);
			defaultConfigurationIsVisible = 0;
			defaultConfigurationName = Release;
		};
		57343C5826F13599002AD78E /* Build configuration list for PBXNativeTarget "Messenger" */ = {
			isa = XCConfigurationList;
			buildConfigurations = (
				57343C5926F13599002AD78E /* Debug */,
				57343C5A26F13599002AD78E /* Release */,
			);
			defaultConfigurationIsVisible = 0;
			defaultConfigurationName = Release;
		};
/* End XCConfigurationList section */
	};
	rootObject = 57343C3C26F13597002AD78E /* Project object */;
}
